// !$*UTF8*$!
{
	archiveVersion = 1;
	classes = {
	};
	objectVersion = 51;
	objects = {

/* Begin PBXBuildFile section */
		3D2CCC2825960AF6003AA40A /* AppDelegate.swift in Sources */ = {isa = PBXBuildFile; fileRef = 3D2CCC2725960AF6003AA40A /* AppDelegate.swift */; };
		3D2CCC2A25960AF6003AA40A /* SceneDelegate.swift in Sources */ = {isa = PBXBuildFile; fileRef = 3D2CCC2925960AF6003AA40A /* SceneDelegate.swift */; };
		3D2CCC2C25960AF6003AA40A /* ViewController.swift in Sources */ = {isa = PBXBuildFile; fileRef = 3D2CCC2B25960AF6003AA40A /* ViewController.swift */; };
		3D2CCC2F25960AF6003AA40A /* Main.storyboard in Resources */ = {isa = PBXBuildFile; fileRef = 3D2CCC2D25960AF6003AA40A /* Main.storyboard */; };
		3D2CCC3125960AF7003AA40A /* Assets.xcassets in Resources */ = {isa = PBXBuildFile; fileRef = 3D2CCC3025960AF7003AA40A /* Assets.xcassets */; };
		3D2CCC3425960AF7003AA40A /* LaunchScreen.storyboard in Resources */ = {isa = PBXBuildFile; fileRef = 3D2CCC3225960AF7003AA40A /* LaunchScreen.storyboard */; };
		3D2CCC4425960F13003AA40A /* NetworkManager.swift in Sources */ = {isa = PBXBuildFile; fileRef = 3D2CCC4325960F13003AA40A /* NetworkManager.swift */; };
		3D2CCC4F25960F85003AA40A /* UltiselfAPIError.swift in Sources */ = {isa = PBXBuildFile; fileRef = 3D2CCC4E25960F85003AA40A /* UltiselfAPIError.swift */; };
		3D2CCC5225960FB9003AA40A /* TargetType + Requests.swift in Sources */ = {isa = PBXBuildFile; fileRef = 3D2CCC5125960FB9003AA40A /* TargetType + Requests.swift */; };
		3D2CCC57259611A8003AA40A /* NetworkActivityLogger.swift in Sources */ = {isa = PBXBuildFile; fileRef = 3D2CCC55259611A8003AA40A /* NetworkActivityLogger.swift */; };
		3D2CCC5C259611EA003AA40A /* MacSystemConsoleLogger.swift in Sources */ = {isa = PBXBuildFile; fileRef = 3D2CCC59259611EA003AA40A /* MacSystemConsoleLogger.swift */; };
		3D2CCC5D259611EA003AA40A /* GenericLogger.swift in Sources */ = {isa = PBXBuildFile; fileRef = 3D2CCC5A259611EA003AA40A /* GenericLogger.swift */; };
		3D2CCC5E259611EA003AA40A /* ConsoleLogger.swift in Sources */ = {isa = PBXBuildFile; fileRef = 3D2CCC5B259611EA003AA40A /* ConsoleLogger.swift */; };
		3D2CCC6125961318003AA40A /* TargetType + BaseConfig.swift in Sources */ = {isa = PBXBuildFile; fileRef = 3D2CCC6025961318003AA40A /* TargetType + BaseConfig.swift */; };
		3D2CCC662596136D003AA40A /* DefaultDecoder.swift in Sources */ = {isa = PBXBuildFile; fileRef = 3D2CCC652596136D003AA40A /* DefaultDecoder.swift */; };
		3D2CCC6B25961399003AA40A /* DecodingError.swift in Sources */ = {isa = PBXBuildFile; fileRef = 3D2CCC6A25961399003AA40A /* DecodingError.swift */; };
		3D2CCC74259615A5003AA40A /* HabitsSearchRequestDTO.swift in Sources */ = {isa = PBXBuildFile; fileRef = 3D2CCC73259615A5003AA40A /* HabitsSearchRequestDTO.swift */; };
		3D2CCC78259615CA003AA40A /* HabitModelDTO.swift in Sources */ = {isa = PBXBuildFile; fileRef = 3D2CCC77259615CA003AA40A /* HabitModelDTO.swift */; };
		3D2CCC7B259615DD003AA40A /* HabitsSearchResponseDTO.swift in Sources */ = {isa = PBXBuildFile; fileRef = 3D2CCC7A259615DD003AA40A /* HabitsSearchResponseDTO.swift */; };
		3D2CCC7E2596165A003AA40A /* HabitsAPI.swift in Sources */ = {isa = PBXBuildFile; fileRef = 3D2CCC7D2596165A003AA40A /* HabitsAPI.swift */; };
		3D2CCC82259616C9003AA40A /* Encodable + Dictionary.swift in Sources */ = {isa = PBXBuildFile; fileRef = 3D2CCC81259616C9003AA40A /* Encodable + Dictionary.swift */; };
		3D2CCC86259617B7003AA40A /* HabitsAPIRequests.swift in Sources */ = {isa = PBXBuildFile; fileRef = 3D2CCC85259617B7003AA40A /* HabitsAPIRequests.swift */; };
		3D2CCC8C259619B7003AA40A /* UITableView + ReusableCells.swift in Sources */ = {isa = PBXBuildFile; fileRef = 3D2CCC8B259619B7003AA40A /* UITableView + ReusableCells.swift */; };
		3D2CCC9025961A15003AA40A /* UIView + LoadFromNib.swift in Sources */ = {isa = PBXBuildFile; fileRef = 3D2CCC8F25961A15003AA40A /* UIView + LoadFromNib.swift */; };
		DAE3D505A509194B69E921A2 /* Pods_TestTaskUltiself.framework in Frameworks */ = {isa = PBXBuildFile; fileRef = 5E9C64E1B4DCEC2944C0F4E3 /* Pods_TestTaskUltiself.framework */; };
/* End PBXBuildFile section */

/* Begin PBXFileReference section */
		1E1ADF40A7308CCEB85B6916 /* Pods-TestTaskUltiself.debug.xcconfig */ = {isa = PBXFileReference; includeInIndex = 1; lastKnownFileType = text.xcconfig; name = "Pods-TestTaskUltiself.debug.xcconfig"; path = "Target Support Files/Pods-TestTaskUltiself/Pods-TestTaskUltiself.debug.xcconfig"; sourceTree = "<group>"; };
		3D2CCC2425960AF6003AA40A /* TestTaskUltiself.app */ = {isa = PBXFileReference; explicitFileType = wrapper.application; includeInIndex = 0; path = TestTaskUltiself.app; sourceTree = BUILT_PRODUCTS_DIR; };
		3D2CCC2725960AF6003AA40A /* AppDelegate.swift */ = {isa = PBXFileReference; lastKnownFileType = sourcecode.swift; path = AppDelegate.swift; sourceTree = "<group>"; };
		3D2CCC2925960AF6003AA40A /* SceneDelegate.swift */ = {isa = PBXFileReference; lastKnownFileType = sourcecode.swift; path = SceneDelegate.swift; sourceTree = "<group>"; };
		3D2CCC2B25960AF6003AA40A /* ViewController.swift */ = {isa = PBXFileReference; lastKnownFileType = sourcecode.swift; path = ViewController.swift; sourceTree = "<group>"; };
		3D2CCC2E25960AF6003AA40A /* Base */ = {isa = PBXFileReference; lastKnownFileType = file.storyboard; name = Base; path = Base.lproj/Main.storyboard; sourceTree = "<group>"; };
		3D2CCC3025960AF7003AA40A /* Assets.xcassets */ = {isa = PBXFileReference; lastKnownFileType = folder.assetcatalog; path = Assets.xcassets; sourceTree = "<group>"; };
		3D2CCC3325960AF7003AA40A /* Base */ = {isa = PBXFileReference; lastKnownFileType = file.storyboard; name = Base; path = Base.lproj/LaunchScreen.storyboard; sourceTree = "<group>"; };
		3D2CCC3525960AF7003AA40A /* Info.plist */ = {isa = PBXFileReference; lastKnownFileType = text.plist.xml; path = Info.plist; sourceTree = "<group>"; };
		3D2CCC4325960F13003AA40A /* NetworkManager.swift */ = {isa = PBXFileReference; lastKnownFileType = sourcecode.swift; path = NetworkManager.swift; sourceTree = "<group>"; };
		3D2CCC4E25960F85003AA40A /* UltiselfAPIError.swift */ = {isa = PBXFileReference; lastKnownFileType = sourcecode.swift; path = UltiselfAPIError.swift; sourceTree = "<group>"; };
		3D2CCC5125960FB9003AA40A /* TargetType + Requests.swift */ = {isa = PBXFileReference; lastKnownFileType = sourcecode.swift; path = "TargetType + Requests.swift"; sourceTree = "<group>"; };
		3D2CCC55259611A8003AA40A /* NetworkActivityLogger.swift */ = {isa = PBXFileReference; fileEncoding = 4; lastKnownFileType = sourcecode.swift; path = NetworkActivityLogger.swift; sourceTree = "<group>"; };
		3D2CCC56259611A8003AA40A /* AlamofireNetworkActivityLogger.h */ = {isa = PBXFileReference; fileEncoding = 4; lastKnownFileType = sourcecode.c.h; path = AlamofireNetworkActivityLogger.h; sourceTree = "<group>"; };
		3D2CCC59259611EA003AA40A /* MacSystemConsoleLogger.swift */ = {isa = PBXFileReference; fileEncoding = 4; lastKnownFileType = sourcecode.swift; path = MacSystemConsoleLogger.swift; sourceTree = "<group>"; };
		3D2CCC5A259611EA003AA40A /* GenericLogger.swift */ = {isa = PBXFileReference; fileEncoding = 4; lastKnownFileType = sourcecode.swift; path = GenericLogger.swift; sourceTree = "<group>"; };
		3D2CCC5B259611EA003AA40A /* ConsoleLogger.swift */ = {isa = PBXFileReference; fileEncoding = 4; lastKnownFileType = sourcecode.swift; path = ConsoleLogger.swift; sourceTree = "<group>"; };
		3D2CCC6025961318003AA40A /* TargetType + BaseConfig.swift */ = {isa = PBXFileReference; lastKnownFileType = sourcecode.swift; path = "TargetType + BaseConfig.swift"; sourceTree = "<group>"; };
		3D2CCC652596136D003AA40A /* DefaultDecoder.swift */ = {isa = PBXFileReference; lastKnownFileType = sourcecode.swift; path = DefaultDecoder.swift; sourceTree = "<group>"; };
		3D2CCC6A25961399003AA40A /* DecodingError.swift */ = {isa = PBXFileReference; lastKnownFileType = sourcecode.swift; path = DecodingError.swift; sourceTree = "<group>"; };
		3D2CCC73259615A5003AA40A /* HabitsSearchRequestDTO.swift */ = {isa = PBXFileReference; lastKnownFileType = sourcecode.swift; path = HabitsSearchRequestDTO.swift; sourceTree = "<group>"; };
		3D2CCC77259615CA003AA40A /* HabitModelDTO.swift */ = {isa = PBXFileReference; lastKnownFileType = sourcecode.swift; path = HabitModelDTO.swift; sourceTree = "<group>"; };
		3D2CCC7A259615DD003AA40A /* HabitsSearchResponseDTO.swift */ = {isa = PBXFileReference; lastKnownFileType = sourcecode.swift; path = HabitsSearchResponseDTO.swift; sourceTree = "<group>"; };
		3D2CCC7D2596165A003AA40A /* HabitsAPI.swift */ = {isa = PBXFileReference; lastKnownFileType = sourcecode.swift; path = HabitsAPI.swift; sourceTree = "<group>"; };
		3D2CCC81259616C9003AA40A /* Encodable + Dictionary.swift */ = {isa = PBXFileReference; lastKnownFileType = sourcecode.swift; path = "Encodable + Dictionary.swift"; sourceTree = "<group>"; };
		3D2CCC85259617B7003AA40A /* HabitsAPIRequests.swift */ = {isa = PBXFileReference; lastKnownFileType = sourcecode.swift; path = HabitsAPIRequests.swift; sourceTree = "<group>"; };
		3D2CCC8B259619B7003AA40A /* UITableView + ReusableCells.swift */ = {isa = PBXFileReference; lastKnownFileType = sourcecode.swift; path = "UITableView + ReusableCells.swift"; sourceTree = "<group>"; };
		3D2CCC8F25961A15003AA40A /* UIView + LoadFromNib.swift */ = {isa = PBXFileReference; lastKnownFileType = sourcecode.swift; path = "UIView + LoadFromNib.swift"; sourceTree = "<group>"; };
		5E9C64E1B4DCEC2944C0F4E3 /* Pods_TestTaskUltiself.framework */ = {isa = PBXFileReference; explicitFileType = wrapper.framework; includeInIndex = 0; path = Pods_TestTaskUltiself.framework; sourceTree = BUILT_PRODUCTS_DIR; };
		7EB3B67E1DC808006D02A437 /* Pods-TestTaskUltiself.release.xcconfig */ = {isa = PBXFileReference; includeInIndex = 1; lastKnownFileType = text.xcconfig; name = "Pods-TestTaskUltiself.release.xcconfig"; path = "Target Support Files/Pods-TestTaskUltiself/Pods-TestTaskUltiself.release.xcconfig"; sourceTree = "<group>"; };
/* End PBXFileReference section */

/* Begin PBXFrameworksBuildPhase section */
		3D2CCC2125960AF6003AA40A /* Frameworks */ = {
			isa = PBXFrameworksBuildPhase;
			buildActionMask = 2147483647;
			files = (
				DAE3D505A509194B69E921A2 /* Pods_TestTaskUltiself.framework in Frameworks */,
			);
			runOnlyForDeploymentPostprocessing = 0;
		};
/* End PBXFrameworksBuildPhase section */

/* Begin PBXGroup section */
		3D2CCC1B25960AF6003AA40A = {
			isa = PBXGroup;
			children = (
				3D2CCC2625960AF6003AA40A /* TestTaskUltiself */,
				3D2CCC2525960AF6003AA40A /* Products */,
				A15152BD288260CD578E79A9 /* Pods */,
				3D95041409BEC5E7D824A3EE /* Frameworks */,
			);
			sourceTree = "<group>";
		};
		3D2CCC2525960AF6003AA40A /* Products */ = {
			isa = PBXGroup;
			children = (
				3D2CCC2425960AF6003AA40A /* TestTaskUltiself.app */,
			);
			name = Products;
			sourceTree = "<group>";
		};
		3D2CCC2625960AF6003AA40A /* TestTaskUltiself */ = {
			isa = PBXGroup;
			children = (
				3D2CCC54259611A8003AA40A /* AlamofireNetworkActivityLogger */,
				3D2CCC8025961693003AA40A /* Extensions */,
				3D2CCC4C25960F4B003AA40A /* CustomErrors */,
				3D2CCC4125960ED1003AA40A /* Services */,
				3D2CCC6F25961533003AA40A /* Networking */,
				3D2CCC2725960AF6003AA40A /* AppDelegate.swift */,
				3D2CCC2925960AF6003AA40A /* SceneDelegate.swift */,
				3D2CCC2B25960AF6003AA40A /* ViewController.swift */,
				3D2CCC2D25960AF6003AA40A /* Main.storyboard */,
				3D2CCC3025960AF7003AA40A /* Assets.xcassets */,
				3D2CCC3225960AF7003AA40A /* LaunchScreen.storyboard */,
				3D2CCC3525960AF7003AA40A /* Info.plist */,
			);
			path = TestTaskUltiself;
			sourceTree = "<group>";
		};
		3D2CCC4125960ED1003AA40A /* Services */ = {
			isa = PBXGroup;
			children = (
				3D2CCC642596135D003AA40A /* Helpers */,
				3D2CCC4225960EDB003AA40A /* Network */,
			);
			path = Services;
			sourceTree = "<group>";
		};
		3D2CCC4225960EDB003AA40A /* Network */ = {
			isa = PBXGroup;
			children = (
				3D2CCC4325960F13003AA40A /* NetworkManager.swift */,
				3D2CCC6325961328003AA40A /* TargetType */,
			);
			path = Network;
			sourceTree = "<group>";
		};
		3D2CCC4C25960F4B003AA40A /* CustomErrors */ = {
			isa = PBXGroup;
			children = (
				3D2CCC4E25960F85003AA40A /* UltiselfAPIError.swift */,
				3D2CCC6A25961399003AA40A /* DecodingError.swift */,
			);
			path = CustomErrors;
			sourceTree = "<group>";
		};
		3D2CCC54259611A8003AA40A /* AlamofireNetworkActivityLogger */ = {
			isa = PBXGroup;
			children = (
				3D2CCC5B259611EA003AA40A /* ConsoleLogger.swift */,
				3D2CCC5A259611EA003AA40A /* GenericLogger.swift */,
				3D2CCC59259611EA003AA40A /* MacSystemConsoleLogger.swift */,
				3D2CCC55259611A8003AA40A /* NetworkActivityLogger.swift */,
				3D2CCC56259611A8003AA40A /* AlamofireNetworkActivityLogger.h */,
			);
			path = AlamofireNetworkActivityLogger;
			sourceTree = SOURCE_ROOT;
		};
		3D2CCC6325961328003AA40A /* TargetType */ = {
			isa = PBXGroup;
			children = (
				3D2CCC5125960FB9003AA40A /* TargetType + Requests.swift */,
				3D2CCC6025961318003AA40A /* TargetType + BaseConfig.swift */,
			);
			path = TargetType;
			sourceTree = "<group>";
		};
		3D2CCC642596135D003AA40A /* Helpers */ = {
			isa = PBXGroup;
			children = (
				3D2CCC652596136D003AA40A /* DefaultDecoder.swift */,
			);
			path = Helpers;
			sourceTree = "<group>";
		};
		3D2CCC6F25961533003AA40A /* Networking */ = {
			isa = PBXGroup;
			children = (
				3D2CCC7025961553003AA40A /* HabitsAPI */,
			);
			path = Networking;
			sourceTree = "<group>";
		};
		3D2CCC7025961553003AA40A /* HabitsAPI */ = {
			isa = PBXGroup;
			children = (
				3D2CCC722596157B003AA40A /* RequestModels */,
				3D2CCC7125961572003AA40A /* ResponseModels */,
				3D2CCC7D2596165A003AA40A /* HabitsAPI.swift */,
				3D2CCC85259617B7003AA40A /* HabitsAPIRequests.swift */,
			);
			path = HabitsAPI;
			sourceTree = "<group>";
		};
		3D2CCC7125961572003AA40A /* ResponseModels */ = {
			isa = PBXGroup;
			children = (
				3D2CCC77259615CA003AA40A /* HabitModelDTO.swift */,
				3D2CCC7A259615DD003AA40A /* HabitsSearchResponseDTO.swift */,
			);
			path = ResponseModels;
			sourceTree = "<group>";
		};
		3D2CCC722596157B003AA40A /* RequestModels */ = {
			isa = PBXGroup;
			children = (
				3D2CCC73259615A5003AA40A /* HabitsSearchRequestDTO.swift */,
			);
			path = RequestModels;
			sourceTree = "<group>";
		};
		3D2CCC8025961693003AA40A /* Extensions */ = {
			isa = PBXGroup;
			children = (
				3D2CCC8A25961978003AA40A /* UI */,
				3D2CCC81259616C9003AA40A /* Encodable + Dictionary.swift */,
			);
			path = Extensions;
			sourceTree = "<group>";
		};
		3D2CCC8A25961978003AA40A /* UI */ = {
			isa = PBXGroup;
			children = (
				3D2CCC8B259619B7003AA40A /* UITableView + ReusableCells.swift */,
				3D2CCC8F25961A15003AA40A /* UIView + LoadFromNib.swift */,
			);
			path = UI;
			sourceTree = "<group>";
		};
		3D95041409BEC5E7D824A3EE /* Frameworks */ = {
			isa = PBXGroup;
			children = (
				5E9C64E1B4DCEC2944C0F4E3 /* Pods_TestTaskUltiself.framework */,
			);
			name = Frameworks;
			sourceTree = "<group>";
		};
		A15152BD288260CD578E79A9 /* Pods */ = {
			isa = PBXGroup;
			children = (
				1E1ADF40A7308CCEB85B6916 /* Pods-TestTaskUltiself.debug.xcconfig */,
				7EB3B67E1DC808006D02A437 /* Pods-TestTaskUltiself.release.xcconfig */,
			);
			path = Pods;
			sourceTree = "<group>";
		};
/* End PBXGroup section */

/* Begin PBXNativeTarget section */
		3D2CCC2325960AF6003AA40A /* TestTaskUltiself */ = {
			isa = PBXNativeTarget;
			buildConfigurationList = 3D2CCC3825960AF7003AA40A /* Build configuration list for PBXNativeTarget "TestTaskUltiself" */;
			buildPhases = (
				3D02A2FCC93678343DB86AC8 /* [CP] Check Pods Manifest.lock */,
				3D2CCC2025960AF6003AA40A /* Sources */,
				3D2CCC2125960AF6003AA40A /* Frameworks */,
				3D2CCC2225960AF6003AA40A /* Resources */,
				3D2CCC4025960C43003AA40A /* SwiftLint run */,
				6A5382D472768810FC0F5A5F /* [CP] Embed Pods Frameworks */,
			);
			buildRules = (
			);
			dependencies = (
			);
			name = TestTaskUltiself;
			productName = TestTaskUltiself;
			productReference = 3D2CCC2425960AF6003AA40A /* TestTaskUltiself.app */;
			productType = "com.apple.product-type.application";
		};
/* End PBXNativeTarget section */

/* Begin PBXProject section */
		3D2CCC1C25960AF6003AA40A /* Project object */ = {
			isa = PBXProject;
			attributes = {
				LastSwiftUpdateCheck = 1230;
				LastUpgradeCheck = 1230;
				TargetAttributes = {
					3D2CCC2325960AF6003AA40A = {
						CreatedOnToolsVersion = 12.3;
					};
				};
			};
			buildConfigurationList = 3D2CCC1F25960AF6003AA40A /* Build configuration list for PBXProject "TestTaskUltiself" */;
			compatibilityVersion = "Xcode 9.3";
			developmentRegion = en;
			hasScannedForEncodings = 0;
			knownRegions = (
				en,
				Base,
			);
			mainGroup = 3D2CCC1B25960AF6003AA40A;
			productRefGroup = 3D2CCC2525960AF6003AA40A /* Products */;
			projectDirPath = "";
			projectRoot = "";
			targets = (
				3D2CCC2325960AF6003AA40A /* TestTaskUltiself */,
			);
		};
/* End PBXProject section */

/* Begin PBXResourcesBuildPhase section */
		3D2CCC2225960AF6003AA40A /* Resources */ = {
			isa = PBXResourcesBuildPhase;
			buildActionMask = 2147483647;
			files = (
				3D2CCC3425960AF7003AA40A /* LaunchScreen.storyboard in Resources */,
				3D2CCC3125960AF7003AA40A /* Assets.xcassets in Resources */,
				3D2CCC2F25960AF6003AA40A /* Main.storyboard in Resources */,
			);
			runOnlyForDeploymentPostprocessing = 0;
		};
/* End PBXResourcesBuildPhase section */

/* Begin PBXShellScriptBuildPhase section */
		3D02A2FCC93678343DB86AC8 /* [CP] Check Pods Manifest.lock */ = {
			isa = PBXShellScriptBuildPhase;
			buildActionMask = 2147483647;
			files = (
			);
			inputFileListPaths = (
			);
			inputPaths = (
				"${PODS_PODFILE_DIR_PATH}/Podfile.lock",
				"${PODS_ROOT}/Manifest.lock",
			);
			name = "[CP] Check Pods Manifest.lock";
			outputFileListPaths = (
			);
			outputPaths = (
				"$(DERIVED_FILE_DIR)/Pods-TestTaskUltiself-checkManifestLockResult.txt",
			);
			runOnlyForDeploymentPostprocessing = 0;
			shellPath = /bin/sh;
			shellScript = "diff \"${PODS_PODFILE_DIR_PATH}/Podfile.lock\" \"${PODS_ROOT}/Manifest.lock\" > /dev/null\nif [ $? != 0 ] ; then\n    # print error to STDERR\n    echo \"error: The sandbox is not in sync with the Podfile.lock. Run 'pod install' or update your CocoaPods installation.\" >&2\n    exit 1\nfi\n# This output is used by Xcode 'outputs' to avoid re-running this script phase.\necho \"SUCCESS\" > \"${SCRIPT_OUTPUT_FILE_0}\"\n";
			showEnvVarsInLog = 0;
		};
		3D2CCC4025960C43003AA40A /* SwiftLint run */ = {
			isa = PBXShellScriptBuildPhase;
			buildActionMask = 2147483647;
			files = (
			);
			inputFileListPaths = (
			);
			inputPaths = (
			);
			name = "SwiftLint run";
			outputFileListPaths = (
			);
			outputPaths = (
			);
			runOnlyForDeploymentPostprocessing = 0;
			shellPath = /bin/sh;
			shellScript = "\"${PODS_ROOT}/SwiftLint/swiftlint\"\n";
		};
		6A5382D472768810FC0F5A5F /* [CP] Embed Pods Frameworks */ = {
			isa = PBXShellScriptBuildPhase;
			buildActionMask = 2147483647;
			files = (
			);
			inputFileListPaths = (
				"${PODS_ROOT}/Target Support Files/Pods-TestTaskUltiself/Pods-TestTaskUltiself-frameworks-${CONFIGURATION}-input-files.xcfilelist",
			);
			name = "[CP] Embed Pods Frameworks";
			outputFileListPaths = (
				"${PODS_ROOT}/Target Support Files/Pods-TestTaskUltiself/Pods-TestTaskUltiself-frameworks-${CONFIGURATION}-output-files.xcfilelist",
			);
			runOnlyForDeploymentPostprocessing = 0;
			shellPath = /bin/sh;
			shellScript = "\"${PODS_ROOT}/Target Support Files/Pods-TestTaskUltiself/Pods-TestTaskUltiself-frameworks.sh\"\n";
			showEnvVarsInLog = 0;
		};
/* End PBXShellScriptBuildPhase section */

/* Begin PBXSourcesBuildPhase section */
		3D2CCC2025960AF6003AA40A /* Sources */ = {
			isa = PBXSourcesBuildPhase;
			buildActionMask = 2147483647;
			files = (
				3D2CCC74259615A5003AA40A /* HabitsSearchRequestDTO.swift in Sources */,
				3D2CCC82259616C9003AA40A /* Encodable + Dictionary.swift in Sources */,
				3D2CCC5C259611EA003AA40A /* MacSystemConsoleLogger.swift in Sources */,
				3D2CCC5D259611EA003AA40A /* GenericLogger.swift in Sources */,
				3D2CCC86259617B7003AA40A /* HabitsAPIRequests.swift in Sources */,
				3D2CCC662596136D003AA40A /* DefaultDecoder.swift in Sources */,
				3D2CCC5225960FB9003AA40A /* TargetType + Requests.swift in Sources */,
				3D2CCC5E259611EA003AA40A /* ConsoleLogger.swift in Sources */,
				3D2CCC6125961318003AA40A /* TargetType + BaseConfig.swift in Sources */,
				3D2CCC4F25960F85003AA40A /* UltiselfAPIError.swift in Sources */,
				3D2CCC78259615CA003AA40A /* HabitModelDTO.swift in Sources */,
				3D2CCC4425960F13003AA40A /* NetworkManager.swift in Sources */,
				3D2CCC57259611A8003AA40A /* NetworkActivityLogger.swift in Sources */,
				3D2CCC2C25960AF6003AA40A /* ViewController.swift in Sources */,
				3D2CCC2825960AF6003AA40A /* AppDelegate.swift in Sources */,
				3D2CCC7E2596165A003AA40A /* HabitsAPI.swift in Sources */,
				3D2CCC9025961A15003AA40A /* UIView + LoadFromNib.swift in Sources */,
				3D2CCC6B25961399003AA40A /* DecodingError.swift in Sources */,
				3D2CCC2A25960AF6003AA40A /* SceneDelegate.swift in Sources */,
				3D2CCC8C259619B7003AA40A /* UITableView + ReusableCells.swift in Sources */,
				3D2CCC7B259615DD003AA40A /* HabitsSearchResponseDTO.swift in Sources */,
			);
			runOnlyForDeploymentPostprocessing = 0;
		};
/* End PBXSourcesBuildPhase section */

/* Begin PBXVariantGroup section */
		3D2CCC2D25960AF6003AA40A /* Main.storyboard */ = {
			isa = PBXVariantGroup;
			children = (
				3D2CCC2E25960AF6003AA40A /* Base */,
			);
			name = Main.storyboard;
			sourceTree = "<group>";
		};
		3D2CCC3225960AF7003AA40A /* LaunchScreen.storyboard */ = {
			isa = PBXVariantGroup;
			children = (
				3D2CCC3325960AF7003AA40A /* Base */,
			);
			name = LaunchScreen.storyboard;
			sourceTree = "<group>";
		};
/* End PBXVariantGroup section */

/* Begin XCBuildConfiguration section */
		3D2CCC3625960AF7003AA40A /* Debug */ = {
			isa = XCBuildConfiguration;
			buildSettings = {
				ALWAYS_SEARCH_USER_PATHS = NO;
				CLANG_ANALYZER_NONNULL = YES;
				CLANG_ANALYZER_NUMBER_OBJECT_CONVERSION = YES_AGGRESSIVE;
				CLANG_CXX_LANGUAGE_STANDARD = "gnu++14";
				CLANG_CXX_LIBRARY = "libc++";
				CLANG_ENABLE_MODULES = YES;
				CLANG_ENABLE_OBJC_ARC = YES;
				CLANG_ENABLE_OBJC_WEAK = YES;
				CLANG_WARN_BLOCK_CAPTURE_AUTORELEASING = YES;
				CLANG_WARN_BOOL_CONVERSION = YES;
				CLANG_WARN_COMMA = YES;
				CLANG_WARN_CONSTANT_CONVERSION = YES;
				CLANG_WARN_DEPRECATED_OBJC_IMPLEMENTATIONS = YES;
				CLANG_WARN_DIRECT_OBJC_ISA_USAGE = YES_ERROR;
				CLANG_WARN_DOCUMENTATION_COMMENTS = YES;
				CLANG_WARN_EMPTY_BODY = YES;
				CLANG_WARN_ENUM_CONVERSION = YES;
				CLANG_WARN_INFINITE_RECURSION = YES;
				CLANG_WARN_INT_CONVERSION = YES;
				CLANG_WARN_NON_LITERAL_NULL_CONVERSION = YES;
				CLANG_WARN_OBJC_IMPLICIT_RETAIN_SELF = YES;
				CLANG_WARN_OBJC_LITERAL_CONVERSION = YES;
				CLANG_WARN_OBJC_ROOT_CLASS = YES_ERROR;
				CLANG_WARN_QUOTED_INCLUDE_IN_FRAMEWORK_HEADER = YES;
				CLANG_WARN_RANGE_LOOP_ANALYSIS = YES;
				CLANG_WARN_STRICT_PROTOTYPES = YES;
				CLANG_WARN_SUSPICIOUS_MOVE = YES;
				CLANG_WARN_UNGUARDED_AVAILABILITY = YES_AGGRESSIVE;
				CLANG_WARN_UNREACHABLE_CODE = YES;
				CLANG_WARN__DUPLICATE_METHOD_MATCH = YES;
				COPY_PHASE_STRIP = NO;
				DEBUG_INFORMATION_FORMAT = dwarf;
				ENABLE_STRICT_OBJC_MSGSEND = YES;
				ENABLE_TESTABILITY = YES;
				GCC_C_LANGUAGE_STANDARD = gnu11;
				GCC_DYNAMIC_NO_PIC = NO;
				GCC_NO_COMMON_BLOCKS = YES;
				GCC_OPTIMIZATION_LEVEL = 0;
				GCC_PREPROCESSOR_DEFINITIONS = (
					"DEBUG=1",
					"$(inherited)",
				);
				GCC_WARN_64_TO_32_BIT_CONVERSION = YES;
				GCC_WARN_ABOUT_RETURN_TYPE = YES_ERROR;
				GCC_WARN_UNDECLARED_SELECTOR = YES;
				GCC_WARN_UNINITIALIZED_AUTOS = YES_AGGRESSIVE;
				GCC_WARN_UNUSED_FUNCTION = YES;
				GCC_WARN_UNUSED_VARIABLE = YES;
				IPHONEOS_DEPLOYMENT_TARGET = 14.3;
				MTL_ENABLE_DEBUG_INFO = INCLUDE_SOURCE;
				MTL_FAST_MATH = YES;
				ONLY_ACTIVE_ARCH = YES;
				SDKROOT = iphoneos;
				SWIFT_ACTIVE_COMPILATION_CONDITIONS = DEBUG;
				SWIFT_OPTIMIZATION_LEVEL = "-Onone";
			};
			name = Debug;
		};
		3D2CCC3725960AF7003AA40A /* Release */ = {
			isa = XCBuildConfiguration;
			buildSettings = {
				ALWAYS_SEARCH_USER_PATHS = NO;
				CLANG_ANALYZER_NONNULL = YES;
				CLANG_ANALYZER_NUMBER_OBJECT_CONVERSION = YES_AGGRESSIVE;
				CLANG_CXX_LANGUAGE_STANDARD = "gnu++14";
				CLANG_CXX_LIBRARY = "libc++";
				CLANG_ENABLE_MODULES = YES;
				CLANG_ENABLE_OBJC_ARC = YES;
				CLANG_ENABLE_OBJC_WEAK = YES;
				CLANG_WARN_BLOCK_CAPTURE_AUTORELEASING = YES;
				CLANG_WARN_BOOL_CONVERSION = YES;
				CLANG_WARN_COMMA = YES;
				CLANG_WARN_CONSTANT_CONVERSION = YES;
				CLANG_WARN_DEPRECATED_OBJC_IMPLEMENTATIONS = YES;
				CLANG_WARN_DIRECT_OBJC_ISA_USAGE = YES_ERROR;
				CLANG_WARN_DOCUMENTATION_COMMENTS = YES;
				CLANG_WARN_EMPTY_BODY = YES;
				CLANG_WARN_ENUM_CONVERSION = YES;
				CLANG_WARN_INFINITE_RECURSION = YES;
				CLANG_WARN_INT_CONVERSION = YES;
				CLANG_WARN_NON_LITERAL_NULL_CONVERSION = YES;
				CLANG_WARN_OBJC_IMPLICIT_RETAIN_SELF = YES;
				CLANG_WARN_OBJC_LITERAL_CONVERSION = YES;
				CLANG_WARN_OBJC_ROOT_CLASS = YES_ERROR;
				CLANG_WARN_QUOTED_INCLUDE_IN_FRAMEWORK_HEADER = YES;
				CLANG_WARN_RANGE_LOOP_ANALYSIS = YES;
				CLANG_WARN_STRICT_PROTOTYPES = YES;
				CLANG_WARN_SUSPICIOUS_MOVE = YES;
				CLANG_WARN_UNGUARDED_AVAILABILITY = YES_AGGRESSIVE;
				CLANG_WARN_UNREACHABLE_CODE = YES;
				CLANG_WARN__DUPLICATE_METHOD_MATCH = YES;
				COPY_PHASE_STRIP = NO;
				DEBUG_INFORMATION_FORMAT = "dwarf-with-dsym";
				ENABLE_NS_ASSERTIONS = NO;
				ENABLE_STRICT_OBJC_MSGSEND = YES;
				GCC_C_LANGUAGE_STANDARD = gnu11;
				GCC_NO_COMMON_BLOCKS = YES;
				GCC_WARN_64_TO_32_BIT_CONVERSION = YES;
				GCC_WARN_ABOUT_RETURN_TYPE = YES_ERROR;
				GCC_WARN_UNDECLARED_SELECTOR = YES;
				GCC_WARN_UNINITIALIZED_AUTOS = YES_AGGRESSIVE;
				GCC_WARN_UNUSED_FUNCTION = YES;
				GCC_WARN_UNUSED_VARIABLE = YES;
				IPHONEOS_DEPLOYMENT_TARGET = 14.3;
				MTL_ENABLE_DEBUG_INFO = NO;
				MTL_FAST_MATH = YES;
				SDKROOT = iphoneos;
				SWIFT_COMPILATION_MODE = wholemodule;
				SWIFT_OPTIMIZATION_LEVEL = "-O";
				VALIDATE_PRODUCT = YES;
			};
			name = Release;
		};
		3D2CCC3925960AF7003AA40A /* Debug */ = {
			isa = XCBuildConfiguration;
			baseConfigurationReference = 1E1ADF40A7308CCEB85B6916 /* Pods-TestTaskUltiself.debug.xcconfig */;
			buildSettings = {
				ASSETCATALOG_COMPILER_APPICON_NAME = AppIcon;
				ASSETCATALOG_COMPILER_GLOBAL_ACCENT_COLOR_NAME = AccentColor;
				CODE_SIGN_STYLE = Automatic;
				DEVELOPMENT_TEAM = 7SK4MY86C7;
				INFOPLIST_FILE = TestTaskUltiself/Info.plist;
				IPHONEOS_DEPLOYMENT_TARGET = 11.0;
				LD_RUNPATH_SEARCH_PATHS = (
					"$(inherited)",
					"@executable_path/Frameworks",
				);
				PRODUCT_BUNDLE_IDENTIFIER = bd.personal.com.TestTaskUltiself;
				PRODUCT_NAME = "$(TARGET_NAME)";
				SWIFT_VERSION = 5.0;
				TARGETED_DEVICE_FAMILY = "1,2";
			};
			name = Debug;
		};
		3D2CCC3A25960AF7003AA40A /* Release */ = {
			isa = XCBuildConfiguration;
			baseConfigurationReference = 7EB3B67E1DC808006D02A437 /* Pods-TestTaskUltiself.release.xcconfig */;
			buildSettings = {
				ASSETCATALOG_COMPILER_APPICON_NAME = AppIcon;
				ASSETCATALOG_COMPILER_GLOBAL_ACCENT_COLOR_NAME = AccentColor;
				CODE_SIGN_STYLE = Automatic;
				DEVELOPMENT_TEAM = 7SK4MY86C7;
				INFOPLIST_FILE = TestTaskUltiself/Info.plist;
				IPHONEOS_DEPLOYMENT_TARGET = 11.0;
				LD_RUNPATH_SEARCH_PATHS = (
					"$(inherited)",
					"@executable_path/Frameworks",
				);
				PRODUCT_BUNDLE_IDENTIFIER = bd.personal.com.TestTaskUltiself;
				PRODUCT_NAME = "$(TARGET_NAME)";
				SWIFT_VERSION = 5.0;
				TARGETED_DEVICE_FAMILY = "1,2";
			};
			name = Release;
		};
/* End XCBuildConfiguration section */

/* Begin XCConfigurationList section */
		3D2CCC1F25960AF6003AA40A /* Build configuration list for PBXProject "TestTaskUltiself" */ = {
			isa = XCConfigurationList;
			buildConfigurations = (
				3D2CCC3625960AF7003AA40A /* Debug */,
				3D2CCC3725960AF7003AA40A /* Release */,
			);
			defaultConfigurationIsVisible = 0;
			defaultConfigurationName = Release;
		};
		3D2CCC3825960AF7003AA40A /* Build configuration list for PBXNativeTarget "TestTaskUltiself" */ = {
			isa = XCConfigurationList;
			buildConfigurations = (
				3D2CCC3925960AF7003AA40A /* Debug */,
				3D2CCC3A25960AF7003AA40A /* Release */,
			);
			defaultConfigurationIsVisible = 0;
			defaultConfigurationName = Release;
		};
/* End XCConfigurationList section */
	};
	rootObject = 3D2CCC1C25960AF6003AA40A /* Project object */;
}
